
Microsoft Visual Studio Solution File, Format Version 12.00
# Visual Studio Version 16
VisualStudioVersion = 16.0.31205.134
MinimumVisualStudioVersion = 10.0.40219.1
Project("{9A19103F-16F7-4668-BE54-9A1E7A4F7556}") = "Application", "Application\Application.csproj", "{DE1ECC71-A33E-4B92-9A94-267B098D8141}"
EndProject
Project("{9A19103F-16F7-4668-BE54-9A1E7A4F7556}") = "LogComponent", "LogComponent\LogComponent.csproj", "{26D29C79-2F06-4933-99D2-CFF7E696A82C}"
EndProject
Project("{FAE04EC0-301F-11D3-BF4B-00C04F79EFBC}") = "LogComponent.UnitTests", "LogComponent.UnitTests\LogComponent.UnitTests.csproj", "{19399B0B-DC41-4EE3-8F45-678864C3F5A6}"
EndProject
Global
	GlobalSection(SolutionConfigurationPlatforms) = preSolution
		Debug|Any CPU = Debug|Any CPU
		Release|Any CPU = Release|Any CPU
	EndGlobalSection
	GlobalSection(ProjectConfigurationPlatforms) = postSolution
		{DE1ECC71-A33E-4B92-9A94-267B098D8141}.Debug|Any CPU.ActiveCfg = Debug|Any CPU
		{DE1ECC71-A33E-4B92-9A94-267B098D8141}.Debug|Any CPU.Build.0 = Debug|Any CPU
		{DE1ECC71-A33E-4B92-9A94-267B098D8141}.Release|Any CPU.ActiveCfg = Release|Any CPU
		{DE1ECC71-A33E-4B92-9A94-267B098D8141}.Release|Any CPU.Build.0 = Release|Any CPU
		{26D29C79-2F06-4933-99D2-CFF7E696A82C}.Debug|Any CPU.ActiveCfg = Debug|Any CPU
		{26D29C79-2F06-4933-99D2-CFF7E696A82C}.Debug|Any CPU.Build.0 = Debug|Any CPU
		{26D29C79-2F06-4933-99D2-CFF7E696A82C}.Release|Any CPU.ActiveCfg = Release|Any CPU
		{26D29C79-2F06-4933-99D2-CFF7E696A82C}.Release|Any CPU.Build.0 = Release|Any CPU
		{19399B0B-DC41-4EE3-8F45-678864C3F5A6}.Debug|Any CPU.ActiveCfg = Debug|Any CPU
		{19399B0B-DC41-4EE3-8F45-678864C3F5A6}.Debug|Any CPU.Build.0 = Debug|Any CPU
		{19399B0B-DC41-4EE3-8F45-678864C3F5A6}.Release|Any CPU.ActiveCfg = Release|Any CPU
		{19399B0B-DC41-4EE3-8F45-678864C3F5A6}.Release|Any CPU.Build.0 = Release|Any CPU
	EndGlobalSection
	GlobalSection(SolutionProperties) = preSolution
		HideSolutionNode = FALSE
	EndGlobalSection
	GlobalSection(ExtensibilityGlobals) = postSolution
		SolutionGuid = {542D4108-8629-4987-AEA4-B032D0829C74}
	EndGlobalSection
EndGlobal
